# This is a Gradle generated file for dependency locking.
# Manual edits can break the build and are not advised.
# This file is expected to be part of source control.
com.diffplug.durian:durian-collect:1.2.0=buildScriptClasspath,runtimeClasspath,testRuntimeClasspath
com.diffplug.durian:durian-core:1.2.0=buildScriptClasspath,runtimeClasspath,testRuntimeClasspath
com.diffplug.durian:durian-io:1.2.0=buildScriptClasspath,runtimeClasspath,testRuntimeClasspath
com.diffplug.durian:durian-swt.os:4.3.0=buildScriptClasspath,runtimeClasspath,testRuntimeClasspath
com.diffplug.spotless:spotless-lib-extra:3.0.0.BETA4=buildScriptClasspath,compileClasspath,implementationDependenciesMetadata,runtimeClasspath,testCompileClasspath,testImplementationDependenciesMetadata,testRuntimeClasspath
com.diffplug.spotless:spotless-lib:3.0.0.BETA4=buildScriptClasspath,compileClasspath,implementationDependenciesMetadata,runtimeClasspath,testCompileClasspath,testImplementationDependenciesMetadata,testRuntimeClasspath
com.diffplug.spotless:spotless-plugin-gradle:7.0.0.BETA4=buildScriptClasspath,compileClasspath,implementationDependenciesMetadata,runtimeClasspath,testCompileClasspath,testImplementationDependenciesMetadata,testRuntimeClasspath
com.googlecode.concurrent-trees:concurrent-trees:2.6.1=buildScriptClasspath,runtimeClasspath,testRuntimeClasspath
com.googlecode.javaewah:JavaEWAH:1.2.3=buildScriptClasspath,runtimeClasspath,testRuntimeClasspath
com.gradle.publish:plugin-publish-plugin:1.3.0=buildScriptClasspath,compileClasspath,implementationDependenciesMetadata,runtimeClasspath,testCompileClasspath,testImplementationDependenciesMetadata,testRuntimeClasspath
com.squareup.okhttp3:okhttp:4.12.0=buildScriptClasspath,runtimeClasspath,testRuntimeClasspath
com.squareup.okio:okio-jvm:3.6.0=buildScriptClasspath,runtimeClasspath,testRuntimeClasspath
com.squareup.okio:okio:3.6.0=buildScriptClasspath,runtimeClasspath,testRuntimeClasspath
commons-codec:commons-codec:1.17.0=buildScriptClasspath,runtimeClasspath,testRuntimeClasspath
dev.equo.ide:solstice:1.8.0=buildScriptClasspath,runtimeClasspath,testRuntimeClasspath
net.ltgt.gradle:gradle-errorprone-plugin:4.1.0=buildScriptClasspath,compileClasspath,implementationDependenciesMetadata,runtimeClasspath,testCompileClasspath,testImplementationDependenciesMetadata,testRuntimeClasspath
net.researchgate:gradle-release:3.0.2=buildScriptClasspath,compileClasspath,implementationDependenciesMetadata,runtimeClasspath,testCompileClasspath,testImplementationDependenciesMetadata,testRuntimeClasspath
org.apache.maven:maven-model:3.6.3=buildScriptClasspath,compileClasspath,implementationDependenciesMetadata,runtimeClasspath,testCompileClasspath,testImplementationDependenciesMetadata,testRuntimeClasspath
org.eclipse.jgit:org.eclipse.jgit:6.10.0.202406032230-r=buildScriptClasspath,runtimeClasspath,testRuntimeClasspath
org.eclipse.platform:org.eclipse.osgi:3.18.300=buildScriptClasspath,runtimeClasspath,testRuntimeClasspath
org.jetbrains.intellij.deps:trove4j:1.0.20200330=kotlinBuildToolsApiClasspath,kotlinCompilerClasspath,kotlinKlibCommonizerClasspath
org.jetbrains.kotlin:kotlin-assignment-compiler-plugin-embeddable:2.0.20=kotlinCompilerPluginClasspathMain,kotlinCompilerPluginClasspathTest
org.jetbrains.kotlin:kotlin-build-common:2.0.20=kotlinBuildToolsApiClasspath
org.jetbrains.kotlin:kotlin-build-tools-api:2.0.20=kotlinBuildToolsApiClasspath
org.jetbrains.kotlin:kotlin-build-tools-impl:2.0.20=kotlinBuildToolsApiClasspath
org.jetbrains.kotlin:kotlin-compiler-embeddable:2.0.20=kotlinBuildToolsApiClasspath,kotlinCompilerClasspath,kotlinKlibCommonizerClasspath
org.jetbrains.kotlin:kotlin-compiler-runner:2.0.20=kotlinBuildToolsApiClasspath
org.jetbrains.kotlin:kotlin-daemon-client:2.0.20=kotlinBuildToolsApiClasspath
org.jetbrains.kotlin:kotlin-daemon-embeddable:2.0.20=kotlinBuildToolsApiClasspath,kotlinCompilerClasspath,kotlinKlibCommonizerClasspath
org.jetbrains.kotlin:kotlin-klib-commonizer-embeddable:2.0.20=kotlinKlibCommonizerClasspath
org.jetbrains.kotlin:kotlin-native-prebuilt:2.0.20=kotlinNativeBundleConfiguration
org.jetbrains.kotlin:kotlin-reflect:1.6.10=kotlinBuildToolsApiClasspath,kotlinCompilerClasspath,kotlinKlibCommonizerClasspath
org.jetbrains.kotlin:kotlin-reflect:2.0.20=compileClasspath,compileOnlyDependenciesMetadata,embeddedKotlin,testCompileClasspath,testImplementationDependenciesMetadata,testRuntimeClasspath
org.jetbrains.kotlin:kotlin-sam-with-receiver-compiler-plugin-embeddable:2.0.20=kotlinCompilerPluginClasspathMain,kotlinCompilerPluginClasspathTest
org.jetbrains.kotlin:kotlin-script-runtime:2.0.20=kotlinBuildToolsApiClasspath,kotlinCompilerClasspath,kotlinCompilerPluginClasspathMain,kotlinCompilerPluginClasspathTest,kotlinKlibCommonizerClasspath
org.jetbrains.kotlin:kotlin-scripting-common:2.0.20=kotlinBuildToolsApiClasspath,kotlinCompilerPluginClasspathMain,kotlinCompilerPluginClasspathTest
org.jetbrains.kotlin:kotlin-scripting-compiler-embeddable:2.0.20=kotlinBuildToolsApiClasspath,kotlinCompilerPluginClasspathMain,kotlinCompilerPluginClasspathTest
org.jetbrains.kotlin:kotlin-scripting-compiler-impl-embeddable:2.0.20=kotlinBuildToolsApiClasspath,kotlinCompilerPluginClasspathMain,kotlinCompilerPluginClasspathTest
org.jetbrains.kotlin:kotlin-scripting-jvm:2.0.20=kotlinBuildToolsApiClasspath,kotlinCompilerPluginClasspathMain,kotlinCompilerPluginClasspathTest
org.jetbrains.kotlin:kotlin-stdlib-common:1.9.10=buildScriptClasspath,runtimeClasspath
org.jetbrains.kotlin:kotlin-stdlib-common:2.0.20=testRuntimeClasspath
org.jetbrains.kotlin:kotlin-stdlib-jdk7:1.9.10=buildScriptClasspath,runtimeClasspath,testRuntimeClasspath
org.jetbrains.kotlin:kotlin-stdlib-jdk8:1.9.10=buildScriptClasspath,runtimeClasspath,testRuntimeClasspath
org.jetbrains.kotlin:kotlin-stdlib:1.9.10=buildScriptClasspath,runtimeClasspath
org.jetbrains.kotlin:kotlin-stdlib:2.0.20=compileClasspath,compileOnlyDependenciesMetadata,embeddedKotlin,kotlinBuildToolsApiClasspath,kotlinCompilerClasspath,kotlinCompilerPluginClasspathMain,kotlinCompilerPluginClasspathTest,kotlinKlibCommonizerClasspath,testCompileClasspath,testImplementationDependenciesMetadata,testRuntimeClasspath
org.jetbrains.kotlinx:kotlinx-coroutines-core-jvm:1.6.4=kotlinBuildToolsApiClasspath,kotlinCompilerClasspath,kotlinKlibCommonizerClasspath
org.jetbrains:annotations:13.0=buildScriptClasspath,compileClasspath,embeddedKotlin,kotlinBuildToolsApiClasspath,kotlinCompilerClasspath,kotlinCompilerPluginClasspathMain,kotlinCompilerPluginClasspathTest,kotlinKlibCommonizerClasspath,runtimeClasspath,testCompileClasspath,testRuntimeClasspath
org.slf4j:slf4j-api:1.7.36=buildScriptClasspath,runtimeClasspath,testRuntimeClasspath
org.tukaani:xz:1.9=buildScriptClasspath,runtimeClasspath,testRuntimeClasspath
empty=annotationProcessor,apiDependenciesMetadata,intransitiveDependenciesMetadata,kotlinCompilerPluginClasspath,kotlinNativeCompilerPluginClasspath,kotlinScriptDefExtensions,testAnnotationProcessor,testApiDependenciesMetadata,testCompileOnlyDependenciesMetadata,testIntransitiveDependenciesMetadata,testKotlinScriptDefExtensions
